// !$*UTF8*$!
{
	archiveVersion = 1;
	classes = {
	};
	objectVersion = 46;
	objects = {

/* Begin PBXBuildFile section */
		8C5047641FB2C80600EF0CAB /* NSObject+mainwindow.m in Sources */ = {isa = PBXBuildFile; fileRef = 8C5047631FB2C80600EF0CAB /* NSObject+mainwindow.m */; };
		8C5E58A51FF87AB300712C6E /* VCLike.m in Sources */ = {isa = PBXBuildFile; fileRef = 8C5E58A41FF87AB300712C6E /* VCLike.m */; };
		8C81FAE71FF1D82E00CFF0B5 /* testImage.png in Resources */ = {isa = PBXBuildFile; fileRef = 8C81FAE61FF1D82E00CFF0B5 /* testImage.png */; };
		8C81FB0F1FF6BC9700CFF0B5 /* Global.pch in Sources */ = {isa = PBXBuildFile; fileRef = 8C81FB0E1FF6BAB700CFF0B5 /* Global.pch */; };
		8C8604A11F76353500F77D08 /* AFNetworking in Resources */ = {isa = PBXBuildFile; fileRef = 8C86049F1F76353500F77D08 /* AFNetworking */; };
		8C8604A21F76353500F77D08 /* UIKit+AFNetworking in Resources */ = {isa = PBXBuildFile; fileRef = 8C8604A01F76353500F77D08 /* UIKit+AFNetworking */; };
		8C8604AE1F763D5F00F77D08 /* AFURLRequestSerialization.m in Sources */ = {isa = PBXBuildFile; fileRef = 8C8604AD1F763D5F00F77D08 /* AFURLRequestSerialization.m */; };
		8C8604B01F763D7D00F77D08 /* AFURLResponseSerialization.m in Sources */ = {isa = PBXBuildFile; fileRef = 8C8604AF1F763D7D00F77D08 /* AFURLResponseSerialization.m */; };
		8C8604B21F763D9D00F77D08 /* AFHTTPSessionManager.m in Sources */ = {isa = PBXBuildFile; fileRef = 8C8604B11F763D9D00F77D08 /* AFHTTPSessionManager.m */; };
		8C8604B41F763DBC00F77D08 /* AFSecurityPolicy.m in Sources */ = {isa = PBXBuildFile; fileRef = 8C8604B31F763DBC00F77D08 /* AFSecurityPolicy.m */; };
		8C8604B61F763DD500F77D08 /* AFURLSessionManager.m in Sources */ = {isa = PBXBuildFile; fileRef = 8C8604B51F763DD500F77D08 /* AFURLSessionManager.m */; };
		8C8604B81F763DEE00F77D08 /* AFNetworkReachabilityManager.m in Sources */ = {isa = PBXBuildFile; fileRef = 8C8604B71F763DEE00F77D08 /* AFNetworkReachabilityManager.m */; };
		8C8604BE1F76EF9F00F77D08 /* data.json in Resources */ = {isa = PBXBuildFile; fileRef = 8C8604BD1F76EF9F00F77D08 /* data.json */; };
		8CD9CD0B1F7624BC00B329C7 /* main.m in Sources */ = {isa = PBXBuildFile; fileRef = 8CD9CD0A1F7624BC00B329C7 /* main.m */; };
		8CD9CD0E1F7624BC00B329C7 /* AppDelegate.m in Sources */ = {isa = PBXBuildFile; fileRef = 8CD9CD0D1F7624BC00B329C7 /* AppDelegate.m */; };
		8CD9CD111F7624BC00B329C7 /* FirstViewController.m in Sources */ = {isa = PBXBuildFile; fileRef = 8CD9CD101F7624BC00B329C7 /* FirstViewController.m */; };
		8CD9CD141F7624BC00B329C7 /* SecondViewController.m in Sources */ = {isa = PBXBuildFile; fileRef = 8CD9CD131F7624BC00B329C7 /* SecondViewController.m */; };
		8CD9CD171F7624BC00B329C7 /* Main.storyboard in Resources */ = {isa = PBXBuildFile; fileRef = 8CD9CD151F7624BC00B329C7 /* Main.storyboard */; };
		8CD9CD191F7624BC00B329C7 /* Assets.xcassets in Resources */ = {isa = PBXBuildFile; fileRef = 8CD9CD181F7624BC00B329C7 /* Assets.xcassets */; };
		8CD9CD1C1F7624BC00B329C7 /* LaunchScreen.storyboard in Resources */ = {isa = PBXBuildFile; fileRef = 8CD9CD1A1F7624BC00B329C7 /* LaunchScreen.storyboard */; };
		8CD9CD271F7624BC00B329C7 /* goatsportsTests.m in Sources */ = {isa = PBXBuildFile; fileRef = 8CD9CD261F7624BC00B329C7 /* goatsportsTests.m */; };
		8CD9CD321F7624BC00B329C7 /* goatsportsUITests.m in Sources */ = {isa = PBXBuildFile; fileRef = 8CD9CD311F7624BC00B329C7 /* goatsportsUITests.m */; };
/* End PBXBuildFile section */

/* Begin PBXContainerItemProxy section */
		8CD9CD231F7624BC00B329C7 /* PBXContainerItemProxy */ = {
			isa = PBXContainerItemProxy;
			containerPortal = 8CD9CCFE1F7624BC00B329C7 /* Project object */;
			proxyType = 1;
			remoteGlobalIDString = 8CD9CD051F7624BC00B329C7;
			remoteInfo = goatsports;
		};
		8CD9CD2E1F7624BC00B329C7 /* PBXContainerItemProxy */ = {
			isa = PBXContainerItemProxy;
			containerPortal = 8CD9CCFE1F7624BC00B329C7 /* Project object */;
			proxyType = 1;
			remoteGlobalIDString = 8CD9CD051F7624BC00B329C7;
			remoteInfo = goatsports;
		};
/* End PBXContainerItemProxy section */

/* Begin PBXFileReference section */
		8C5047621FB2C80600EF0CAB /* NSObject+mainwindow.h */ = {isa = PBXFileReference; fileEncoding = 4; lastKnownFileType = sourcecode.c.h; path = "NSObject+mainwindow.h"; sourceTree = "<group>"; };
		8C5047631FB2C80600EF0CAB /* NSObject+mainwindow.m */ = {isa = PBXFileReference; fileEncoding = 4; lastKnownFileType = sourcecode.c.objc; path = "NSObject+mainwindow.m"; sourceTree = "<group>"; };
		8C5E58A31FF87AB300712C6E /* VCLike.h */ = {isa = PBXFileReference; fileEncoding = 4; lastKnownFileType = sourcecode.c.h; path = VCLike.h; sourceTree = "<group>"; };
		8C5E58A41FF87AB300712C6E /* VCLike.m */ = {isa = PBXFileReference; fileEncoding = 4; lastKnownFileType = sourcecode.c.objc; path = VCLike.m; sourceTree = "<group>"; };
		8C81FAE61FF1D82E00CFF0B5 /* testImage.png */ = {isa = PBXFileReference; lastKnownFileType = image.png; path = testImage.png; sourceTree = "<group>"; };
		8C81FB0E1FF6BAB700CFF0B5 /* Global.pch */ = {isa = PBXFileReference; lastKnownFileType = sourcecode.c.h; path = Global.pch; sourceTree = "<group>"; };
		8C86049F1F76353500F77D08 /* AFNetworking */ = {isa = PBXFileReference; lastKnownFileType = folder; path = AFNetworking; sourceTree = "<group>"; };
		8C8604A01F76353500F77D08 /* UIKit+AFNetworking */ = {isa = PBXFileReference; lastKnownFileType = folder; path = "UIKit+AFNetworking"; sourceTree = "<group>"; };
		8C8604A41F76355000F77D08 /* SystemConfiguration.framework */ = {isa = PBXFileReference; lastKnownFileType = wrapper.framework; name = SystemConfiguration.framework; path = System/Library/Frameworks/SystemConfiguration.framework; sourceTree = SDKROOT; };
		8C8604A61F76355600F77D08 /* MobileCoreServices.framework */ = {isa = PBXFileReference; lastKnownFileType = wrapper.framework; name = MobileCoreServices.framework; path = System/Library/Frameworks/MobileCoreServices.framework; sourceTree = SDKROOT; };
		8C8604A81F76356500F77D08 /* Security.framework */ = {isa = PBXFileReference; lastKnownFileType = wrapper.framework; name = Security.framework; path = System/Library/Frameworks/Security.framework; sourceTree = SDKROOT; };
		8C8604AD1F763D5F00F77D08 /* AFURLRequestSerialization.m */ = {isa = PBXFileReference; lastKnownFileType = sourcecode.c.objc; name = AFURLRequestSerialization.m; path = goatsports/AFNetworking/AFURLRequestSerialization.m; sourceTree = "<group>"; };
		8C8604AF1F763D7D00F77D08 /* AFURLResponseSerialization.m */ = {isa = PBXFileReference; lastKnownFileType = sourcecode.c.objc; name = AFURLResponseSerialization.m; path = goatsports/AFNetworking/AFURLResponseSerialization.m; sourceTree = "<group>"; };
		8C8604B11F763D9D00F77D08 /* AFHTTPSessionManager.m */ = {isa = PBXFileReference; lastKnownFileType = sourcecode.c.objc; name = AFHTTPSessionManager.m; path = goatsports/AFNetworking/AFHTTPSessionManager.m; sourceTree = "<group>"; };
		8C8604B31F763DBC00F77D08 /* AFSecurityPolicy.m */ = {isa = PBXFileReference; lastKnownFileType = sourcecode.c.objc; name = AFSecurityPolicy.m; path = goatsports/AFNetworking/AFSecurityPolicy.m; sourceTree = "<group>"; };
		8C8604B51F763DD500F77D08 /* AFURLSessionManager.m */ = {isa = PBXFileReference; lastKnownFileType = sourcecode.c.objc; name = AFURLSessionManager.m; path = goatsports/AFNetworking/AFURLSessionManager.m; sourceTree = "<group>"; };
		8C8604B71F763DEE00F77D08 /* AFNetworkReachabilityManager.m */ = {isa = PBXFileReference; lastKnownFileType = sourcecode.c.objc; name = AFNetworkReachabilityManager.m; path = goatsports/AFNetworking/AFNetworkReachabilityManager.m; sourceTree = "<group>"; };
		8C8604BD1F76EF9F00F77D08 /* data.json */ = {isa = PBXFileReference; fileEncoding = 4; lastKnownFileType = text.json; path = data.json; sourceTree = "<group>"; };
		8C8604C21F91617C00F77D08 /* global_Notification.h */ = {isa = PBXFileReference; lastKnownFileType = sourcecode.c.h; path = global_Notification.h; sourceTree = "<group>"; };
		8CD9CD061F7624BC00B329C7 /* goatsports.app */ = {isa = PBXFileReference; explicitFileType = wrapper.application; includeInIndex = 0; path = goatsports.app; sourceTree = BUILT_PRODUCTS_DIR; };
		8CD9CD0A1F7624BC00B329C7 /* main.m */ = {isa = PBXFileReference; lastKnownFileType = sourcecode.c.objc; path = main.m; sourceTree = "<group>"; };
		8CD9CD0C1F7624BC00B329C7 /* AppDelegate.h */ = {isa = PBXFileReference; lastKnownFileType = sourcecode.c.h; path = AppDelegate.h; sourceTree = "<group>"; };
		8CD9CD0D1F7624BC00B329C7 /* AppDelegate.m */ = {isa = PBXFileReference; lastKnownFileType = sourcecode.c.objc; path = AppDelegate.m; sourceTree = "<group>"; };
		8CD9CD0F1F7624BC00B329C7 /* FirstViewController.h */ = {isa = PBXFileReference; lastKnownFileType = sourcecode.c.h; path = FirstViewController.h; sourceTree = "<group>"; };
		8CD9CD101F7624BC00B329C7 /* FirstViewController.m */ = {isa = PBXFileReference; lastKnownFileType = sourcecode.c.objc; path = FirstViewController.m; sourceTree = "<group>"; };
		8CD9CD121F7624BC00B329C7 /* SecondViewController.h */ = {isa = PBXFileReference; lastKnownFileType = sourcecode.c.h; path = SecondViewController.h; sourceTree = "<group>"; };
		8CD9CD131F7624BC00B329C7 /* SecondViewController.m */ = {isa = PBXFileReference; lastKnownFileType = sourcecode.c.objc; path = SecondViewController.m; sourceTree = "<group>"; };
		8CD9CD161F7624BC00B329C7 /* Base */ = {isa = PBXFileReference; lastKnownFileType = file.storyboard; name = Base; path = Base.lproj/Main.storyboard; sourceTree = "<group>"; };
		8CD9CD181F7624BC00B329C7 /* Assets.xcassets */ = {isa = PBXFileReference; lastKnownFileType = folder.assetcatalog; path = Assets.xcassets; sourceTree = "<group>"; };
		8CD9CD1B1F7624BC00B329C7 /* Base */ = {isa = PBXFileReference; lastKnownFileType = file.storyboard; name = Base; path = Base.lproj/LaunchScreen.storyboard; sourceTree = "<group>"; };
		8CD9CD1D1F7624BC00B329C7 /* Info.plist */ = {isa = PBXFileReference; lastKnownFileType = text.plist.xml; path = Info.plist; sourceTree = "<group>"; };
		8CD9CD221F7624BC00B329C7 /* goatsportsTests.xctest */ = {isa = PBXFileReference; explicitFileType = wrapper.cfbundle; includeInIndex = 0; path = goatsportsTests.xctest; sourceTree = BUILT_PRODUCTS_DIR; };
		8CD9CD261F7624BC00B329C7 /* goatsportsTests.m */ = {isa = PBXFileReference; lastKnownFileType = sourcecode.c.objc; path = goatsportsTests.m; sourceTree = "<group>"; };
		8CD9CD281F7624BC00B329C7 /* Info.plist */ = {isa = PBXFileReference; lastKnownFileType = text.plist.xml; path = Info.plist; sourceTree = "<group>"; };
		8CD9CD2D1F7624BC00B329C7 /* goatsportsUITests.xctest */ = {isa = PBXFileReference; explicitFileType = wrapper.cfbundle; includeInIndex = 0; path = goatsportsUITests.xctest; sourceTree = BUILT_PRODUCTS_DIR; };
		8CD9CD311F7624BC00B329C7 /* goatsportsUITests.m */ = {isa = PBXFileReference; lastKnownFileType = sourcecode.c.objc; path = goatsportsUITests.m; sourceTree = "<group>"; };
		8CD9CD331F7624BC00B329C7 /* Info.plist */ = {isa = PBXFileReference; lastKnownFileType = text.plist.xml; path = Info.plist; sourceTree = "<group>"; };
/* End PBXFileReference section */

/* Begin PBXFrameworksBuildPhase section */
		8CD9CD031F7624BC00B329C7 /* Frameworks */ = {
			isa = PBXFrameworksBuildPhase;
			buildActionMask = 2147483647;
			files = (
			);
			runOnlyForDeploymentPostprocessing = 0;
		};
		8CD9CD1F1F7624BC00B329C7 /* Frameworks */ = {
			isa = PBXFrameworksBuildPhase;
			buildActionMask = 2147483647;
			files = (
			);
			runOnlyForDeploymentPostprocessing = 0;
		};
		8CD9CD2A1F7624BC00B329C7 /* Frameworks */ = {
			isa = PBXFrameworksBuildPhase;
			buildActionMask = 2147483647;
			files = (
			);
			runOnlyForDeploymentPostprocessing = 0;
		};
/* End PBXFrameworksBuildPhase section */

/* Begin PBXGroup section */
		8C86049E1F76351A00F77D08 /* AFNetworking */ = {
			isa = PBXGroup;
			children = (
				8C86049F1F76353500F77D08 /* AFNetworking */,
				8C8604A01F76353500F77D08 /* UIKit+AFNetworking */,
			);
			name = AFNetworking;
			sourceTree = "<group>";
		};
		8C8604A31F76355000F77D08 /* Frameworks */ = {
			isa = PBXGroup;
			children = (
				8C8604A81F76356500F77D08 /* Security.framework */,
				8C8604A61F76355600F77D08 /* MobileCoreServices.framework */,
				8C8604A41F76355000F77D08 /* SystemConfiguration.framework */,
			);
			name = Frameworks;
			sourceTree = "<group>";
		};
		8CD9CCFD1F7624BC00B329C7 = {
			isa = PBXGroup;
			children = (
				8C8604BD1F76EF9F00F77D08 /* data.json */,
				8C81FAE61FF1D82E00CFF0B5 /* testImage.png */,
				8C8604B71F763DEE00F77D08 /* AFNetworkReachabilityManager.m */,
				8C8604B51F763DD500F77D08 /* AFURLSessionManager.m */,
				8C8604B31F763DBC00F77D08 /* AFSecurityPolicy.m */,
				8C8604B11F763D9D00F77D08 /* AFHTTPSessionManager.m */,
				8C8604AF1F763D7D00F77D08 /* AFURLResponseSerialization.m */,
				8C8604AD1F763D5F00F77D08 /* AFURLRequestSerialization.m */,
				8CD9CD081F7624BC00B329C7 /* goatsports */,
				8CD9CD251F7624BC00B329C7 /* goatsportsTests */,
				8CD9CD301F7624BC00B329C7 /* goatsportsUITests */,
				8CD9CD071F7624BC00B329C7 /* Products */,
				8C8604A31F76355000F77D08 /* Frameworks */,
			);
			sourceTree = "<group>";
		};
		8CD9CD071F7624BC00B329C7 /* Products */ = {
			isa = PBXGroup;
			children = (
				8CD9CD061F7624BC00B329C7 /* goatsports.app */,
				8CD9CD221F7624BC00B329C7 /* goatsportsTests.xctest */,
				8CD9CD2D1F7624BC00B329C7 /* goatsportsUITests.xctest */,
			);
			name = Products;
			sourceTree = "<group>";
		};
		8CD9CD081F7624BC00B329C7 /* goatsports */ = {
			isa = PBXGroup;
			children = (
				8C86049E1F76351A00F77D08 /* AFNetworking */,
				8CD9CD0C1F7624BC00B329C7 /* AppDelegate.h */,
				8CD9CD0D1F7624BC00B329C7 /* AppDelegate.m */,
				8CD9CD0F1F7624BC00B329C7 /* FirstViewController.h */,
				8CD9CD101F7624BC00B329C7 /* FirstViewController.m */,
				8CD9CD121F7624BC00B329C7 /* SecondViewController.h */,
				8CD9CD131F7624BC00B329C7 /* SecondViewController.m */,
				8C81FB0E1FF6BAB700CFF0B5 /* Global.pch */,
				8CD9CD151F7624BC00B329C7 /* Main.storyboard */,
				8CD9CD181F7624BC00B329C7 /* Assets.xcassets */,
				8CD9CD1A1F7624BC00B329C7 /* LaunchScreen.storyboard */,
				8CD9CD1D1F7624BC00B329C7 /* Info.plist */,
				8CD9CD091F7624BC00B329C7 /* Supporting Files */,
				8C8604C21F91617C00F77D08 /* global_Notification.h */,
				8C5047621FB2C80600EF0CAB /* NSObject+mainwindow.h */,
				8C5047631FB2C80600EF0CAB /* NSObject+mainwindow.m */,
				8C5E58A31FF87AB300712C6E /* VCLike.h */,
				8C5E58A41FF87AB300712C6E /* VCLike.m */,
			);
			path = goatsports;
			sourceTree = "<group>";
		};
		8CD9CD091F7624BC00B329C7 /* Supporting Files */ = {
			isa = PBXGroup;
			children = (
				8CD9CD0A1F7624BC00B329C7 /* main.m */,
			);
			name = "Supporting Files";
			sourceTree = "<group>";
		};
		8CD9CD251F7624BC00B329C7 /* goatsportsTests */ = {
			isa = PBXGroup;
			children = (
				8CD9CD261F7624BC00B329C7 /* goatsportsTests.m */,
				8CD9CD281F7624BC00B329C7 /* Info.plist */,
			);
			path = goatsportsTests;
			sourceTree = "<group>";
		};
		8CD9CD301F7624BC00B329C7 /* goatsportsUITests */ = {
			isa = PBXGroup;
			children = (
				8CD9CD311F7624BC00B329C7 /* goatsportsUITests.m */,
				8CD9CD331F7624BC00B329C7 /* Info.plist */,
			);
			path = goatsportsUITests;
			sourceTree = "<group>";
		};
/* End PBXGroup section */

/* Begin PBXNativeTarget section */
		8CD9CD051F7624BC00B329C7 /* goatsports */ = {
			isa = PBXNativeTarget;
			buildConfigurationList = 8CD9CD361F7624BC00B329C7 /* Build configuration list for PBXNativeTarget "goatsports" */;
			buildPhases = (
				8CD9CD021F7624BC00B329C7 /* Sources */,
				8CD9CD031F7624BC00B329C7 /* Frameworks */,
				8CD9CD041F7624BC00B329C7 /* Resources */,
			);
			buildRules = (
			);
			dependencies = (
			);
			name = goatsports;
			productName = goatsports;
			productReference = 8CD9CD061F7624BC00B329C7 /* goatsports.app */;
			productType = "com.apple.product-type.application";
		};
		8CD9CD211F7624BC00B329C7 /* goatsportsTests */ = {
			isa = PBXNativeTarget;
			buildConfigurationList = 8CD9CD391F7624BC00B329C7 /* Build configuration list for PBXNativeTarget "goatsportsTests" */;
			buildPhases = (
				8CD9CD1E1F7624BC00B329C7 /* Sources */,
				8CD9CD1F1F7624BC00B329C7 /* Frameworks */,
				8CD9CD201F7624BC00B329C7 /* Resources */,
			);
			buildRules = (
			);
			dependencies = (
				8CD9CD241F7624BC00B329C7 /* PBXTargetDependency */,
			);
			name = goatsportsTests;
			productName = goatsportsTests;
			productReference = 8CD9CD221F7624BC00B329C7 /* goatsportsTests.xctest */;
			productType = "com.apple.product-type.bundle.unit-test";
		};
		8CD9CD2C1F7624BC00B329C7 /* goatsportsUITests */ = {
			isa = PBXNativeTarget;
			buildConfigurationList = 8CD9CD3C1F7624BC00B329C7 /* Build configuration list for PBXNativeTarget "goatsportsUITests" */;
			buildPhases = (
				8CD9CD291F7624BC00B329C7 /* Sources */,
				8CD9CD2A1F7624BC00B329C7 /* Frameworks */,
				8CD9CD2B1F7624BC00B329C7 /* Resources */,
			);
			buildRules = (
			);
			dependencies = (
				8CD9CD2F1F7624BC00B329C7 /* PBXTargetDependency */,
			);
			name = goatsportsUITests;
			productName = goatsportsUITests;
			productReference = 8CD9CD2D1F7624BC00B329C7 /* goatsportsUITests.xctest */;
			productType = "com.apple.product-type.bundle.ui-testing";
		};
/* End PBXNativeTarget section */

/* Begin PBXProject section */
		8CD9CCFE1F7624BC00B329C7 /* Project object */ = {
			isa = PBXProject;
			attributes = {
				LastUpgradeCheck = 0830;
				ORGANIZATIONNAME = "刘浩然";
				TargetAttributes = {
					8CD9CD051F7624BC00B329C7 = {
						CreatedOnToolsVersion = 8.3.3;
						ProvisioningStyle = Automatic;
					};
					8CD9CD211F7624BC00B329C7 = {
						CreatedOnToolsVersion = 8.3.3;
						ProvisioningStyle = Automatic;
						TestTargetID = 8CD9CD051F7624BC00B329C7;
					};
					8CD9CD2C1F7624BC00B329C7 = {
						CreatedOnToolsVersion = 8.3.3;
						ProvisioningStyle = Automatic;
						TestTargetID = 8CD9CD051F7624BC00B329C7;
					};
				};
			};
			buildConfigurationList = 8CD9CD011F7624BC00B329C7 /* Build configuration list for PBXProject "goatsports" */;
			compatibilityVersion = "Xcode 3.2";
			developmentRegion = English;
			hasScannedForEncodings = 0;
			knownRegions = (
				en,
				Base,
			);
			mainGroup = 8CD9CCFD1F7624BC00B329C7;
			productRefGroup = 8CD9CD071F7624BC00B329C7 /* Products */;
			projectDirPath = "";
			projectRoot = "";
			targets = (
				8CD9CD051F7624BC00B329C7 /* goatsports */,
				8CD9CD211F7624BC00B329C7 /* goatsportsTests */,
				8CD9CD2C1F7624BC00B329C7 /* goatsportsUITests */,
			);
		};
/* End PBXProject section */

/* Begin PBXResourcesBuildPhase section */
		8CD9CD041F7624BC00B329C7 /* Resources */ = {
			isa = PBXResourcesBuildPhase;
			buildActionMask = 2147483647;
			files = (
				8CD9CD1C1F7624BC00B329C7 /* LaunchScreen.storyboard in Resources */,
				8C8604BE1F76EF9F00F77D08 /* data.json in Resources */,
				8CD9CD191F7624BC00B329C7 /* Assets.xcassets in Resources */,
				8C81FAE71FF1D82E00CFF0B5 /* testImage.png in Resources */,
				8C8604A21F76353500F77D08 /* UIKit+AFNetworking in Resources */,
				8CD9CD171F7624BC00B329C7 /* Main.storyboard in Resources */,
				8C8604A11F76353500F77D08 /* AFNetworking in Resources */,
			);
			runOnlyForDeploymentPostprocessing = 0;
		};
		8CD9CD201F7624BC00B329C7 /* Resources */ = {
			isa = PBXResourcesBuildPhase;
			buildActionMask = 2147483647;
			files = (
			);
			runOnlyForDeploymentPostprocessing = 0;
		};
		8CD9CD2B1F7624BC00B329C7 /* Resources */ = {
			isa = PBXResourcesBuildPhase;
			buildActionMask = 2147483647;
			files = (
			);
			runOnlyForDeploymentPostprocessing = 0;
		};
/* End PBXResourcesBuildPhase section */

/* Begin PBXSourcesBuildPhase section */
		8CD9CD021F7624BC00B329C7 /* Sources */ = {
			isa = PBXSourcesBuildPhase;
			buildActionMask = 2147483647;
			files = (
				8C81FB0F1FF6BC9700CFF0B5 /* Global.pch in Sources */,
				8C8604B81F763DEE00F77D08 /* AFNetworkReachabilityManager.m in Sources */,
				8C8604B61F763DD500F77D08 /* AFURLSessionManager.m in Sources */,
				8C8604B41F763DBC00F77D08 /* AFSecurityPolicy.m in Sources */,
				8C5047641FB2C80600EF0CAB /* NSObject+mainwindow.m in Sources */,
				8C8604B21F763D9D00F77D08 /* AFHTTPSessionManager.m in Sources */,
				8C8604B01F763D7D00F77D08 /* AFURLResponseSerialization.m in Sources */,
				8C5E58A51FF87AB300712C6E /* VCLike.m in Sources */,
				8C8604AE1F763D5F00F77D08 /* AFURLRequestSerialization.m in Sources */,
				8CD9CD141F7624BC00B329C7 /* SecondViewController.m in Sources */,
				8CD9CD0E1F7624BC00B329C7 /* AppDelegate.m in Sources */,
				8CD9CD111F7624BC00B329C7 /* FirstViewController.m in Sources */,
				8CD9CD0B1F7624BC00B329C7 /* main.m in Sources */,
			);
			runOnlyForDeploymentPostprocessing = 0;
		};
		8CD9CD1E1F7624BC00B329C7 /* Sources */ = {
			isa = PBXSourcesBuildPhase;
			buildActionMask = 2147483647;
			files = (
				8CD9CD271F7624BC00B329C7 /* goatsportsTests.m in Sources */,
			);
			runOnlyForDeploymentPostprocessing = 0;
		};
		8CD9CD291F7624BC00B329C7 /* Sources */ = {
			isa = PBXSourcesBuildPhase;
			buildActionMask = 2147483647;
			files = (
				8CD9CD321F7624BC00B329C7 /* goatsportsUITests.m in Sources */,
			);
			runOnlyForDeploymentPostprocessing = 0;
		};
/* End PBXSourcesBuildPhase section */

/* Begin PBXTargetDependency section */
		8CD9CD241F7624BC00B329C7 /* PBXTargetDependency */ = {
			isa = PBXTargetDependency;
			target = 8CD9CD051F7624BC00B329C7 /* goatsports */;
			targetProxy = 8CD9CD231F7624BC00B329C7 /* PBXContainerItemProxy */;
		};
		8CD9CD2F1F7624BC00B329C7 /* PBXTargetDependency */ = {
			isa = PBXTargetDependency;
			target = 8CD9CD051F7624BC00B329C7 /* goatsports */;
			targetProxy = 8CD9CD2E1F7624BC00B329C7 /* PBXContainerItemProxy */;
		};
/* End PBXTargetDependency section */

/* Begin PBXVariantGroup section */
		8CD9CD151F7624BC00B329C7 /* Main.storyboard */ = {
			isa = PBXVariantGroup;
			children = (
				8CD9CD161F7624BC00B329C7 /* Base */,
			);
			name = Main.storyboard;
			sourceTree = "<group>";
		};
		8CD9CD1A1F7624BC00B329C7 /* LaunchScreen.storyboard */ = {
			isa = PBXVariantGroup;
			children = (
				8CD9CD1B1F7624BC00B329C7 /* Base */,
			);
			name = LaunchScreen.storyboard;
			sourceTree = "<group>";
		};
/* End PBXVariantGroup section */

/* Begin XCBuildConfiguration section */
		8CD9CD341F7624BC00B329C7 /* Debug */ = {
			isa = XCBuildConfiguration;
			buildSettings = {
				ALWAYS_SEARCH_USER_PATHS = NO;
				CLANG_ANALYZER_NONNULL = YES;
				CLANG_ANALYZER_NUMBER_OBJECT_CONVERSION = YES_AGGRESSIVE;
				CLANG_CXX_LANGUAGE_STANDARD = "gnu++0x";
				CLANG_CXX_LIBRARY = "libc++";
				CLANG_ENABLE_MODULES = YES;
				CLANG_ENABLE_OBJC_ARC = YES;
				CLANG_WARN_BOOL_CONVERSION = YES;
				CLANG_WARN_CONSTANT_CONVERSION = YES;
				CLANG_WARN_DIRECT_OBJC_ISA_USAGE = YES_ERROR;
				CLANG_WARN_DOCUMENTATION_COMMENTS = YES;
				CLANG_WARN_EMPTY_BODY = YES;
				CLANG_WARN_ENUM_CONVERSION = YES;
				CLANG_WARN_INFINITE_RECURSION = YES;
				CLANG_WARN_INT_CONVERSION = YES;
				CLANG_WARN_OBJC_ROOT_CLASS = YES_ERROR;
				CLANG_WARN_SUSPICIOUS_MOVE = YES;
				CLANG_WARN_UNREACHABLE_CODE = YES;
				CLANG_WARN__DUPLICATE_METHOD_MATCH = YES;
				"CODE_SIGN_IDENTITY[sdk=iphoneos*]" = "iPhone Developer";
				COPY_PHASE_STRIP = NO;
				DEBUG_INFORMATION_FORMAT = dwarf;
				ENABLE_STRICT_OBJC_MSGSEND = YES;
				ENABLE_TESTABILITY = YES;
				GCC_C_LANGUAGE_STANDARD = gnu99;
				GCC_DYNAMIC_NO_PIC = NO;
				GCC_NO_COMMON_BLOCKS = YES;
				GCC_OPTIMIZATION_LEVEL = 0;
				GCC_PREPROCESSOR_DEFINITIONS = (
					"DEBUG=1",
					"$(inherited)",
				);
				GCC_WARN_64_TO_32_BIT_CONVERSION = YES;
				GCC_WARN_ABOUT_RETURN_TYPE = YES_ERROR;
				GCC_WARN_UNDECLARED_SELECTOR = YES;
				GCC_WARN_UNINITIALIZED_AUTOS = YES_AGGRESSIVE;
				GCC_WARN_UNUSED_FUNCTION = YES;
				GCC_WARN_UNUSED_VARIABLE = YES;
				IPHONEOS_DEPLOYMENT_TARGET = 10.3;
				MTL_ENABLE_DEBUG_INFO = YES;
				ONLY_ACTIVE_ARCH = YES;
				SDKROOT = iphoneos;
				TARGETED_DEVICE_FAMILY = "1,2";
			};
			name = Debug;
		};
		8CD9CD351F7624BC00B329C7 /* Release */ = {
			isa = XCBuildConfiguration;
			buildSettings = {
				ALWAYS_SEARCH_USER_PATHS = NO;
				CLANG_ANALYZER_NONNULL = YES;
				CLANG_ANALYZER_NUMBER_OBJECT_CONVERSION = YES_AGGRESSIVE;
				CLANG_CXX_LANGUAGE_STANDARD = "gnu++0x";
				CLANG_CXX_LIBRARY = "libc++";
				CLANG_ENABLE_MODULES = YES;
				CLANG_ENABLE_OBJC_ARC = YES;
				CLANG_WARN_BOOL_CONVERSION = YES;
				CLANG_WARN_CONSTANT_CONVERSION = YES;
				CLANG_WARN_DIRECT_OBJC_ISA_USAGE = YES_ERROR;
				CLANG_WARN_DOCUMENTATION_COMMENTS = YES;
				CLANG_WARN_EMPTY_BODY = YES;
				CLANG_WARN_ENUM_CONVERSION = YES;
				CLANG_WARN_INFINITE_RECURSION = YES;
				CLANG_WARN_INT_CONVERSION = YES;
				CLANG_WARN_OBJC_ROOT_CLASS = YES_ERROR;
				CLANG_WARN_SUSPICIOUS_MOVE = YES;
				CLANG_WARN_UNREACHABLE_CODE = YES;
				CLANG_WARN__DUPLICATE_METHOD_MATCH = YES;
				"CODE_SIGN_IDENTITY[sdk=iphoneos*]" = "iPhone Developer";
				COPY_PHASE_STRIP = NO;
				DEBUG_INFORMATION_FORMAT = "dwarf-with-dsym";
				ENABLE_NS_ASSERTIONS = NO;
				ENABLE_STRICT_OBJC_MSGSEND = YES;
				GCC_C_LANGUAGE_STANDARD = gnu99;
				GCC_NO_COMMON_BLOCKS = YES;
				GCC_WARN_64_TO_32_BIT_CONVERSION = YES;
				GCC_WARN_ABOUT_RETURN_TYPE = YES_ERROR;
				GCC_WARN_UNDECLARED_SELECTOR = YES;
				GCC_WARN_UNINITIALIZED_AUTOS = YES_AGGRESSIVE;
				GCC_WARN_UNUSED_FUNCTION = YES;
				GCC_WARN_UNUSED_VARIABLE = YES;
				IPHONEOS_DEPLOYMENT_TARGET = 10.3;
				MTL_ENABLE_DEBUG_INFO = NO;
				SDKROOT = iphoneos;
				TARGETED_DEVICE_FAMILY = "1,2";
				VALIDATE_PRODUCT = YES;
			};
			name = Release;
		};
		8CD9CD371F7624BC00B329C7 /* Debug */ = {
			isa = XCBuildConfiguration;
			buildSettings = {
				ASSETCATALOG_COMPILER_APPICON_NAME = AppIcon;
				CLANG_ENABLE_OBJC_ARC = YES;
				ENABLE_STRICT_OBJC_MSGSEND = NO;
				HEADER_SEARCH_PATHS = (
					"$(inherited)",
					"/Users/liuhaoran/goat-sports/goatsports/goatsports/AFNetworking",
				);
				INFOPLIST_FILE = goatsports/Info.plist;
				LD_RUNPATH_SEARCH_PATHS = "$(inherited) @executable_path/Frameworks";
				PRODUCT_BUNDLE_IDENTIFIER = haoran.goatsports;
				PRODUCT_NAME = "$(TARGET_NAME)";
			};
			name = Debug;
		};
		8CD9CD381F7624BC00B329C7 /* Release */ = {
			isa = XCBuildConfiguration;
			buildSettings = {
				ASSETCATALOG_COMPILER_APPICON_NAME = AppIcon;
				CLANG_ENABLE_OBJC_ARC = YES;
				ENABLE_STRICT_OBJC_MSGSEND = NO;
				HEADER_SEARCH_PATHS = (
					"$(inherited)",
					"/Users/liuhaoran/goat-sports/goatsports/goatsports/AFNetworking",
				);
				INFOPLIST_FILE = goatsports/Info.plist;
				LD_RUNPATH_SEARCH_PATHS = "$(inherited) @executable_path/Frameworks";
				PRODUCT_BUNDLE_IDENTIFIER = haoran.goatsports;
				PRODUCT_NAME = "$(TARGET_NAME)";
			};
			name = Release;
		};
		8CD9CD3A1F7624BC00B329C7 /* Debug */ = {
			isa = XCBuildConfiguration;
			buildSettings = {
				BUNDLE_LOADER = "$(TEST_HOST)";
				INFOPLIST_FILE = goatsportsTests/Info.plist;
				LD_RUNPATH_SEARCH_PATHS = "$(inherited) @executable_path/Frameworks @loader_path/Frameworks";
				PRODUCT_BUNDLE_IDENTIFIER = haoran.goatsportsTests;
				PRODUCT_NAME = "$(TARGET_NAME)";
				TEST_HOST = "$(BUILT_PRODUCTS_DIR)/goatsports.app/goatsports";
			};
			name = Debug;
		};
		8CD9CD3B1F7624BC00B329C7 /* Release */ = {
			isa = XCBuildConfiguration;
			buildSettings = {
				BUNDLE_LOADER = "$(TEST_HOST)";
				INFOPLIST_FILE = goatsportsTests/Info.plist;
				LD_RUNPATH_SEARCH_PATHS = "$(inherited) @executable_path/Frameworks @loader_path/Frameworks";
				PRODUCT_BUNDLE_IDENTIFIER = haoran.goatsportsTests;
				PRODUCT_NAME = "$(TARGET_NAME)";
				TEST_HOST = "$(BUILT_PRODUCTS_DIR)/goatsports.app/goatsports";
			};
			name = Release;
		};
		8CD9CD3D1F7624BC00B329C7 /* Debug */ = {
			isa = XCBuildConfiguration;
			buildSettings = {
				INFOPLIST_FILE = goatsportsUITests/Info.plist;
				LD_RUNPATH_SEARCH_PATHS = "$(inherited) @executable_path/Frameworks @loader_path/Frameworks";
				PRODUCT_BUNDLE_IDENTIFIER = haoran.goatsportsUITests;
				PRODUCT_NAME = "$(TARGET_NAME)";
				TEST_TARGET_NAME = goatsports;
			};
			name = Debug;
		};
		8CD9CD3E1F7624BC00B329C7 /* Release */ = {
			isa = XCBuildConfiguration;
			buildSettings = {
				INFOPLIST_FILE = goatsportsUITests/Info.plist;
				LD_RUNPATH_SEARCH_PATHS = "$(inherited) @executable_path/Frameworks @loader_path/Frameworks";
				PRODUCT_BUNDLE_IDENTIFIER = haoran.goatsportsUITests;
				PRODUCT_NAME = "$(TARGET_NAME)";
				TEST_TARGET_NAME = goatsports;
			};
			name = Release;
		};
/* End XCBuildConfiguration section */

/* Begin XCConfigurationList section */
		8CD9CD011F7624BC00B329C7 /* Build configuration list for PBXProject "goatsports" */ = {
			isa = XCConfigurationList;
			buildConfigurations = (
				8CD9CD341F7624BC00B329C7 /* Debug */,
				8CD9CD351F7624BC00B329C7 /* Release */,
			);
			defaultConfigurationIsVisible = 0;
			defaultConfigurationName = Release;
		};
		8CD9CD361F7624BC00B329C7 /* Build configuration list for PBXNativeTarget "goatsports" */ = {
			isa = XCConfigurationList;
			buildConfigurations = (
				8CD9CD371F7624BC00B329C7 /* Debug */,
				8CD9CD381F7624BC00B329C7 /* Release */,
			);
			defaultConfigurationIsVisible = 0;
			defaultConfigurationName = Release;
		};
		8CD9CD391F7624BC00B329C7 /* Build configuration list for PBXNativeTarget "goatsportsTests" */ = {
			isa = XCConfigurationList;
			buildConfigurations = (
				8CD9CD3A1F7624BC00B329C7 /* Debug */,
				8CD9CD3B1F7624BC00B329C7 /* Release */,
			);
			defaultConfigurationIsVisible = 0;
			defaultConfigurationName = Release;
		};
		8CD9CD3C1F7624BC00B329C7 /* Build configuration list for PBXNativeTarget "goatsportsUITests" */ = {
			isa = XCConfigurationList;
			buildConfigurations = (
				8CD9CD3D1F7624BC00B329C7 /* Debug */,
				8CD9CD3E1F7624BC00B329C7 /* Release */,
			);
			defaultConfigurationIsVisible = 0;
			defaultConfigurationName = Release;
		};
/* End XCConfigurationList section */
	};
	rootObject = 8CD9CCFE1F7624BC00B329C7 /* Project object */;
}
