PODS:
  - HappyDNS (0.3.12)
  - PLPlayerKit (2.4.3):
    - HappyDNS (~> 0.3.10)

DEPENDENCIES:
  - PLPlayerKit

SPEC CHECKSUMS:
  HappyDNS: 691a3041128055d09866f86e6e9ca90f24da1f18
  PLPlayerKit: 6575f900d3a1c3680e3fd8907338683d0eedcd79

PODFILE CHECKSUM: 52556274384b0b1404512bbf436d51e5f7aff3d6

COCOAPODS: 1.3.1
